<?xml version="1.0" encoding="utf-8"?>
<Project ToolsVersion="17.0" xmlns="http://schemas.microsoft.com/developer/msbuild/2003">
  <ItemGroup>
    <CustomBuild Include="C:\Users\derek\Desktop\Projects\controls\SentinelAV\build-analyze\CMakeFiles\58afdc2b57094b07e8db1434065cf324\INSTALL_force.rule">
      <Filter>CMake Rules</Filter>
    </CustomBuild>
  </ItemGroup>
  <ItemGroup>
    <Filter Include="CMake Rules">
      <UniqueIdentifier>{344E19D8-D5EB-321D-910C-42387BCD6973}</UniqueIdentifier>
    </Filter>
  </ItemGroup>
</Project>
